
Microsoft Visual Studio Solution File, Format Version 12.00
# Visual Studio Version 16
VisualStudioVersion = 16.0.28803.202
MinimumVisualStudioVersion = 10.0.40219.1
Project("{9A19103F-16F7-4668-BE54-9A1E7A4F7556}") = "Computer-Wifi-Remote-Server", "Computer-Wifi-Remote\Computer-Wifi-Remote-Server.csproj", "{7B671609-1C21-4BFD-AE38-907A0F438DCD}"
EndProject
Project("{FAE04EC0-301F-11D3-BF4B-00C04F79EFBC}") = "Computer-Wifi-Remote-Library", "Computer-Wifi-Remote-Library\Computer-Wifi-Remote-Library.csproj", "{97453F64-6F4E-4A19-9A9A-405E20C64F46}"
EndProject
Project("{FAE04EC0-301F-11D3-BF4B-00C04F79EFBC}") = "Computer-Wifi-Remote-Client", "Computer-Wifi-Remote-Client\Computer-Wifi-Remote-Client.csproj", "{2CD9B8A1-D9FD-4542-8684-C492F0B7AB77}"
EndProject
Global
	GlobalSection(SolutionConfigurationPlatforms) = preSolution
		Debug|Any CPU = Debug|Any CPU
		Release|Any CPU = Release|Any CPU
	EndGlobalSection
	GlobalSection(ProjectConfigurationPlatforms) = postSolution
		{7B671609-1C21-4BFD-AE38-907A0F438DCD}.Debug|Any CPU.ActiveCfg = Debug|Any CPU
		{7B671609-1C21-4BFD-AE38-907A0F438DCD}.Debug|Any CPU.Build.0 = Debug|Any CPU
		{7B671609-1C21-4BFD-AE38-907A0F438DCD}.Release|Any CPU.ActiveCfg = Release|Any CPU
		{7B671609-1C21-4BFD-AE38-907A0F438DCD}.Release|Any CPU.Build.0 = Release|Any CPU
		{97453F64-6F4E-4A19-9A9A-405E20C64F46}.Debug|Any CPU.ActiveCfg = Debug|Any CPU
		{97453F64-6F4E-4A19-9A9A-405E20C64F46}.Debug|Any CPU.Build.0 = Debug|Any CPU
		{97453F64-6F4E-4A19-9A9A-405E20C64F46}.Release|Any CPU.ActiveCfg = Release|Any CPU
		{97453F64-6F4E-4A19-9A9A-405E20C64F46}.Release|Any CPU.Build.0 = Release|Any CPU
		{2CD9B8A1-D9FD-4542-8684-C492F0B7AB77}.Debug|Any CPU.ActiveCfg = Debug|Any CPU
		{2CD9B8A1-D9FD-4542-8684-C492F0B7AB77}.Debug|Any CPU.Build.0 = Debug|Any CPU
		{2CD9B8A1-D9FD-4542-8684-C492F0B7AB77}.Release|Any CPU.ActiveCfg = Release|Any CPU
		{2CD9B8A1-D9FD-4542-8684-C492F0B7AB77}.Release|Any CPU.Build.0 = Release|Any CPU
	EndGlobalSection
	GlobalSection(SolutionProperties) = preSolution
		HideSolutionNode = FALSE
	EndGlobalSection
	GlobalSection(ExtensibilityGlobals) = postSolution
		SolutionGuid = {82EA0877-3028-415B-BFBB-AAF749A4AC8E}
	EndGlobalSection
EndGlobal
